{
  "requires": true,
  "lockfileVersion": 1,
  "dependencies": {
    "c3": {
      "version": "0.4.15",
      "resolved": "https://registry.npmjs.org/c3/-/c3-0.4.15.tgz",
      "integrity": "sha512-DRlEmSC/slaHfMg+agLYBfCkLV7ShZtJKJDrtZ10fyfXNy0bGTUygf7eOcFDmrbxAjYPajvEwfTXRqEcfC9WGw==",
      "requires": {
        "d3": "3.5.17"
      }
    },
    "c3-react": {
      "version": "0.1.13",
      "resolved": "https://registry.npmjs.org/c3-react/-/c3-react-0.1.13.tgz",
      "integrity": "sha1-vo+xTwVMPyGbqqWoc8KDT30lgR8=",
      "requires": {
        "c3": "0.4.15",
        "d3": "3.5.17",
        "lodash": "3.10.1"
      }
    },
    "d3": {
      "version": "3.5.17",
      "resolved": "https://registry.npmjs.org/d3/-/d3-3.5.17.tgz",
      "integrity": "sha1-vEZ0gAQ3iyGjYMn8fPUjF5B2L7g="
    },
    "lodash": {
      "version": "3.10.1",
      "resolved": "https://registry.npmjs.org/lodash/-/lodash-3.10.1.tgz",
      "integrity": "sha1-W/Rejkm6QYnhfUgnid/RW9FAt7Y="
    }
  }
}
